
Microsoft Visual Studio Solution File, Format Version 12.00
# Visual Studio 14
VisualStudioVersion = 14.0.25420.1
MinimumVisualStudioVersion = 10.0.40219.1
Project("{FAE04EC0-301F-11D3-BF4B-00C04F79EFBC}") = "Wimbledon", "Wimbledon\Wimbledon.csproj", "{FC7BB24B-9CFF-420C-ACAB-6386E1FA2E8F}"
EndProject
Project("{FAE04EC0-301F-11D3-BF4B-00C04F79EFBC}") = "UnitTestWimbledon", "UnitTestWimbledon\UnitTestWimbledon.csproj", "{1C36AC56-A6B4-4D90-B939-41E7D5F8B63B}"
EndProject
Global
	GlobalSection(SolutionConfigurationPlatforms) = preSolution
		Debug|Any CPU = Debug|Any CPU
		Release|Any CPU = Release|Any CPU
	EndGlobalSection
	GlobalSection(ProjectConfigurationPlatforms) = postSolution
		{FC7BB24B-9CFF-420C-ACAB-6386E1FA2E8F}.Debug|Any CPU.ActiveCfg = Debug|Any CPU
		{FC7BB24B-9CFF-420C-ACAB-6386E1FA2E8F}.Debug|Any CPU.Build.0 = Debug|Any CPU
		{FC7BB24B-9CFF-420C-ACAB-6386E1FA2E8F}.Release|Any CPU.ActiveCfg = Release|Any CPU
		{FC7BB24B-9CFF-420C-ACAB-6386E1FA2E8F}.Release|Any CPU.Build.0 = Release|Any CPU
		{1C36AC56-A6B4-4D90-B939-41E7D5F8B63B}.Debug|Any CPU.ActiveCfg = Debug|Any CPU
		{1C36AC56-A6B4-4D90-B939-41E7D5F8B63B}.Debug|Any CPU.Build.0 = Debug|Any CPU
		{1C36AC56-A6B4-4D90-B939-41E7D5F8B63B}.Release|Any CPU.ActiveCfg = Release|Any CPU
		{1C36AC56-A6B4-4D90-B939-41E7D5F8B63B}.Release|Any CPU.Build.0 = Release|Any CPU
	EndGlobalSection
	GlobalSection(SolutionProperties) = preSolution
		HideSolutionNode = FALSE
	EndGlobalSection
EndGlobal
